
Microsoft Visual Studio Solution File, Format Version 12.00
# Visual Studio Version 17
VisualStudioVersion = 17.10.34928.147
MinimumVisualStudioVersion = 10.0.40219.1
Project("{E24C65DC-7377-472B-9ABA-BC803B73C61A}") = "PharmEasy", "PharmEasy\", "{C796A990-8BCE-429D-B6A0-D0EBD99760A4}"
	ProjectSection(WebsiteProperties) = preProject
		TargetFrameworkMoniker = ".NETFramework,Version%3Dv4.7.2"
		Debug.AspNetCompiler.VirtualPath = "/localhost_53465"
		Debug.AspNetCompiler.PhysicalPath = "PharmEasy\"
		Debug.AspNetCompiler.TargetPath = "PrecompiledWeb\localhost_53465\"
		Debug.AspNetCompiler.Updateable = "true"
		Debug.AspNetCompiler.ForceOverwrite = "true"
		Debug.AspNetCompiler.FixedNames = "false"
		Debug.AspNetCompiler.Debug = "True"
		Release.AspNetCompiler.VirtualPath = "/localhost_53465"
		Release.AspNetCompiler.PhysicalPath = "PharmEasy\"
		Release.AspNetCompiler.TargetPath = "PrecompiledWeb\localhost_53465\"
		Release.AspNetCompiler.Updateable = "true"
		Release.AspNetCompiler.ForceOverwrite = "true"
		Release.AspNetCompiler.FixedNames = "false"
		Release.AspNetCompiler.Debug = "False"
		VWDPort = "53465"
		SlnRelativePath = "PharmEasy\"
		DefaultWebSiteLanguage = "Visual C#"
	EndProjectSection
EndProject
Global
	GlobalSection(SolutionConfigurationPlatforms) = preSolution
		Debug|Any CPU = Debug|Any CPU
	EndGlobalSection
	GlobalSection(ProjectConfigurationPlatforms) = postSolution
		{C796A990-8BCE-429D-B6A0-D0EBD99760A4}.Debug|Any CPU.ActiveCfg = Debug|Any CPU
		{C796A990-8BCE-429D-B6A0-D0EBD99760A4}.Debug|Any CPU.Build.0 = Debug|Any CPU
	EndGlobalSection
	GlobalSection(SolutionProperties) = preSolution
		HideSolutionNode = FALSE
	EndGlobalSection
	GlobalSection(ExtensibilityGlobals) = postSolution
		SolutionGuid = {29E83439-0D6C-48CD-9509-F5DEAA99F920}
	EndGlobalSection
EndGlobal
